
Microsoft Visual Studio Solution File, Format Version 12.00
# Visual Studio 2012
Project("{FAE04EC0-301F-11D3-BF4B-00C04F79EFBC}") = "mainproject", "mainproject\mainproject.csproj", "{1E60A7E8-C5D6-4DC1-B4D2-B84E1F9FDFF3}"
EndProject
Project("{FAE04EC0-301F-11D3-BF4B-00C04F79EFBC}") = "mainproject.iOS", "iOS\mainproject.iOS.csproj", "{D90A4AE0-2187-41BF-B7E4-D230E5E0D6FE}"
EndProject
Project("{FAE04EC0-301F-11D3-BF4B-00C04F79EFBC}") = "mainproject.Droid", "Droid\mainproject.Droid.csproj", "{DB984CD5-05DC-48A6-8321-AC9AF74E5F79}"
EndProject
Global
	GlobalSection(SolutionConfigurationPlatforms) = preSolution
		Debug|Any CPU = Debug|Any CPU
		Release|Any CPU = Release|Any CPU
		Debug|iPhoneSimulator = Debug|iPhoneSimulator
		Release|iPhone = Release|iPhone
		Release|iPhoneSimulator = Release|iPhoneSimulator
		Debug|iPhone = Debug|iPhone
	EndGlobalSection
	GlobalSection(ProjectConfigurationPlatforms) = postSolution
		{1E60A7E8-C5D6-4DC1-B4D2-B84E1F9FDFF3}.Debug|Any CPU.ActiveCfg = Debug|Any CPU
		{1E60A7E8-C5D6-4DC1-B4D2-B84E1F9FDFF3}.Debug|Any CPU.Build.0 = Debug|Any CPU
		{1E60A7E8-C5D6-4DC1-B4D2-B84E1F9FDFF3}.Release|Any CPU.ActiveCfg = Release|Any CPU
		{1E60A7E8-C5D6-4DC1-B4D2-B84E1F9FDFF3}.Release|Any CPU.Build.0 = Release|Any CPU
		{1E60A7E8-C5D6-4DC1-B4D2-B84E1F9FDFF3}.Debug|iPhoneSimulator.ActiveCfg = Debug|Any CPU
		{1E60A7E8-C5D6-4DC1-B4D2-B84E1F9FDFF3}.Debug|iPhoneSimulator.Build.0 = Debug|Any CPU
		{1E60A7E8-C5D6-4DC1-B4D2-B84E1F9FDFF3}.Release|iPhone.ActiveCfg = Release|Any CPU
		{1E60A7E8-C5D6-4DC1-B4D2-B84E1F9FDFF3}.Release|iPhone.Build.0 = Release|Any CPU
		{1E60A7E8-C5D6-4DC1-B4D2-B84E1F9FDFF3}.Release|iPhoneSimulator.ActiveCfg = Release|Any CPU
		{1E60A7E8-C5D6-4DC1-B4D2-B84E1F9FDFF3}.Release|iPhoneSimulator.Build.0 = Release|Any CPU
		{1E60A7E8-C5D6-4DC1-B4D2-B84E1F9FDFF3}.Debug|iPhone.ActiveCfg = Debug|Any CPU
		{1E60A7E8-C5D6-4DC1-B4D2-B84E1F9FDFF3}.Debug|iPhone.Build.0 = Debug|Any CPU
		{D90A4AE0-2187-41BF-B7E4-D230E5E0D6FE}.Debug|Any CPU.ActiveCfg = Debug|iPhoneSimulator
		{D90A4AE0-2187-41BF-B7E4-D230E5E0D6FE}.Debug|Any CPU.Build.0 = Debug|iPhoneSimulator
		{D90A4AE0-2187-41BF-B7E4-D230E5E0D6FE}.Release|Any CPU.ActiveCfg = Debug|iPhoneSimulator
		{D90A4AE0-2187-41BF-B7E4-D230E5E0D6FE}.Release|Any CPU.Build.0 = Debug|iPhoneSimulator
		{D90A4AE0-2187-41BF-B7E4-D230E5E0D6FE}.Debug|iPhoneSimulator.ActiveCfg = Debug|iPhoneSimulator
		{D90A4AE0-2187-41BF-B7E4-D230E5E0D6FE}.Debug|iPhoneSimulator.Build.0 = Debug|iPhoneSimulator
		{D90A4AE0-2187-41BF-B7E4-D230E5E0D6FE}.Release|iPhone.ActiveCfg = Release|iPhone
		{D90A4AE0-2187-41BF-B7E4-D230E5E0D6FE}.Release|iPhone.Build.0 = Release|iPhone
		{D90A4AE0-2187-41BF-B7E4-D230E5E0D6FE}.Release|iPhoneSimulator.ActiveCfg = Release|iPhoneSimulator
		{D90A4AE0-2187-41BF-B7E4-D230E5E0D6FE}.Release|iPhoneSimulator.Build.0 = Release|iPhoneSimulator
		{D90A4AE0-2187-41BF-B7E4-D230E5E0D6FE}.Debug|iPhone.ActiveCfg = Debug|iPhone
		{D90A4AE0-2187-41BF-B7E4-D230E5E0D6FE}.Debug|iPhone.Build.0 = Debug|iPhone
		{DB984CD5-05DC-48A6-8321-AC9AF74E5F79}.Debug|Any CPU.ActiveCfg = Debug|Any CPU
		{DB984CD5-05DC-48A6-8321-AC9AF74E5F79}.Debug|Any CPU.Build.0 = Debug|Any CPU
		{DB984CD5-05DC-48A6-8321-AC9AF74E5F79}.Release|Any CPU.ActiveCfg = Release|Any CPU
		{DB984CD5-05DC-48A6-8321-AC9AF74E5F79}.Release|Any CPU.Build.0 = Release|Any CPU
		{DB984CD5-05DC-48A6-8321-AC9AF74E5F79}.Debug|iPhoneSimulator.ActiveCfg = Debug|Any CPU
		{DB984CD5-05DC-48A6-8321-AC9AF74E5F79}.Debug|iPhoneSimulator.Build.0 = Debug|Any CPU
		{DB984CD5-05DC-48A6-8321-AC9AF74E5F79}.Release|iPhone.ActiveCfg = Release|Any CPU
		{DB984CD5-05DC-48A6-8321-AC9AF74E5F79}.Release|iPhone.Build.0 = Release|Any CPU
		{DB984CD5-05DC-48A6-8321-AC9AF74E5F79}.Release|iPhoneSimulator.ActiveCfg = Release|Any CPU
		{DB984CD5-05DC-48A6-8321-AC9AF74E5F79}.Release|iPhoneSimulator.Build.0 = Release|Any CPU
		{DB984CD5-05DC-48A6-8321-AC9AF74E5F79}.Debug|iPhone.ActiveCfg = Debug|Any CPU
		{DB984CD5-05DC-48A6-8321-AC9AF74E5F79}.Debug|iPhone.Build.0 = Debug|Any CPU
	EndGlobalSection
EndGlobal
